// !$*UTF8*$!
{
	archiveVersion = 1;
	classes = {
	};
	objectVersion = 50;
	objects = {

/* Begin PBXBuildFile section */
		4D12CA802521532200C3E79A /* LoginCoordinatorView.swift in Sources */ = {isa = PBXBuildFile; fileRef = 4D12CA7F2521532200C3E79A /* LoginCoordinatorView.swift */; };
		4D12CA82252154E500C3E79A /* RootView.swift in Sources */ = {isa = PBXBuildFile; fileRef = 4D12CA81252154E500C3E79A /* RootView.swift */; };
		4D12CA852521731800C3E79A /* AppEnvironment.swift in Sources */ = {isa = PBXBuildFile; fileRef = 4D12CA842521731800C3E79A /* AppEnvironment.swift */; };
		4D12CA872521746F00C3E79A /* LaunchCounter.swift in Sources */ = {isa = PBXBuildFile; fileRef = 4D12CA862521746F00C3E79A /* LaunchCounter.swift */; };
		4D12CA8A252175CD00C3E79A /* Network.swift in Sources */ = {isa = PBXBuildFile; fileRef = 4D12CA89252175CD00C3E79A /* Network.swift */; };
		4D12CA8C252188C400C3E79A /* NetworkingError.swift in Sources */ = {isa = PBXBuildFile; fileRef = 4D12CA8B252188C400C3E79A /* NetworkingError.swift */; };
		4D12CA8E252190DF00C3E79A /* Endpoint.swift in Sources */ = {isa = PBXBuildFile; fileRef = 4D12CA8D252190DF00C3E79A /* Endpoint.swift */; };
		4D12CA912521926800C3E79A /* LoginEndpoint.swift in Sources */ = {isa = PBXBuildFile; fileRef = 4D12CA902521926800C3E79A /* LoginEndpoint.swift */; };
		4D12CA93252192BD00C3E79A /* LoginServices.swift in Sources */ = {isa = PBXBuildFile; fileRef = 4D12CA92252192BD00C3E79A /* LoginServices.swift */; };
		4D12CA992521958F00C3E79A /* LoginVolunteer.swift in Sources */ = {isa = PBXBuildFile; fileRef = 4D12CA982521958F00C3E79A /* LoginVolunteer.swift */; };
		4D12CA9B252195EE00C3E79A /* LoginInstitution.swift in Sources */ = {isa = PBXBuildFile; fileRef = 4D12CA9A252195EE00C3E79A /* LoginInstitution.swift */; };
		4D12CA9D2521985C00C3E79A /* Store.swift in Sources */ = {isa = PBXBuildFile; fileRef = 4D12CA9C2521985C00C3E79A /* Store.swift */; };
		4D12CAA125219AAB00C3E79A /* Reducer.swift in Sources */ = {isa = PBXBuildFile; fileRef = 4D12CAA025219AAB00C3E79A /* Reducer.swift */; };
		4D12CAA325219CA200C3E79A /* LoginState.swift in Sources */ = {isa = PBXBuildFile; fileRef = 4D12CAA225219CA200C3E79A /* LoginState.swift */; };
		4D12CAA525219D2700C3E79A /* LoginAction.swift in Sources */ = {isa = PBXBuildFile; fileRef = 4D12CAA425219D2700C3E79A /* LoginAction.swift */; };
		4D12CAA725219DCF00C3E79A /* LoginReducer.swift in Sources */ = {isa = PBXBuildFile; fileRef = 4D12CAA625219DCF00C3E79A /* LoginReducer.swift */; };
		4D12CAA925219E3800C3E79A /* LoginServicesEnvironment.swift in Sources */ = {isa = PBXBuildFile; fileRef = 4D12CAA825219E3800C3E79A /* LoginServicesEnvironment.swift */; };
		4D38E7EC2528CB2700EAD989 /* AppState.swift in Sources */ = {isa = PBXBuildFile; fileRef = 4D38E7EB2528CB2700EAD989 /* AppState.swift */; };
		4D38E7EF2528CC4500EAD989 /* AppAction.swift in Sources */ = {isa = PBXBuildFile; fileRef = 4D38E7EE2528CC4500EAD989 /* AppAction.swift */; };
		4D38E7F12528D30800EAD989 /* AppReducer.swift in Sources */ = {isa = PBXBuildFile; fileRef = 4D38E7F02528D30800EAD989 /* AppReducer.swift */; };
		4D38E7F82529257700EAD989 /* LoginContainerView.swift in Sources */ = {isa = PBXBuildFile; fileRef = 4D38E7F72529257700EAD989 /* LoginContainerView.swift */; };
		4D747E47252A696E00738C3D /* Reachability.swift in Sources */ = {isa = PBXBuildFile; fileRef = 4D747E46252A696E00738C3D /* Reachability.swift */; };
		4D747E4B252AC95500738C3D /* AlertError.swift in Sources */ = {isa = PBXBuildFile; fileRef = 4D747E4A252AC95500738C3D /* AlertError.swift */; };
		4D8501F0248C7EF70021218C /* PrimaryBackgroundStyle.swift in Sources */ = {isa = PBXBuildFile; fileRef = 4D8501EF248C7EF70021218C /* PrimaryBackgroundStyle.swift */; };
		4D8501F4248C87760021218C /* SecondaryBackgroundStyle.swift in Sources */ = {isa = PBXBuildFile; fileRef = 4D8501F3248C87760021218C /* SecondaryBackgroundStyle.swift */; };
		4D8501F8248CC92F0021218C /* RegisterDataView.swift in Sources */ = {isa = PBXBuildFile; fileRef = 4D8501F7248CC92F0021218C /* RegisterDataView.swift */; };
		4D8501FE248D93C70021218C /* ActivityView.swift in Sources */ = {isa = PBXBuildFile; fileRef = 4D8501FD248D93C70021218C /* ActivityView.swift */; };
		4D850200248DBB5B0021218C /* RegisterDataViewModel.swift in Sources */ = {isa = PBXBuildFile; fileRef = 4D8501FF248DBB5B0021218C /* RegisterDataViewModel.swift */; };
		4D88B641252764D3008504D9 /* TokenUpdater.swift in Sources */ = {isa = PBXBuildFile; fileRef = 4D88B640252764D3008504D9 /* TokenUpdater.swift */; };
		4D94D36C24887A550065955D /* AppDelegate.swift in Sources */ = {isa = PBXBuildFile; fileRef = 4D94D36B24887A550065955D /* AppDelegate.swift */; };
		4D94D36E24887A550065955D /* SceneDelegate.swift in Sources */ = {isa = PBXBuildFile; fileRef = 4D94D36D24887A550065955D /* SceneDelegate.swift */; };
		4D94D37024887A550065955D /* LoginView.swift in Sources */ = {isa = PBXBuildFile; fileRef = 4D94D36F24887A550065955D /* LoginView.swift */; };
		4D94D37224887A550065955D /* Assets.xcassets in Resources */ = {isa = PBXBuildFile; fileRef = 4D94D37124887A550065955D /* Assets.xcassets */; };
		4D94D37524887A550065955D /* Preview Assets.xcassets in Resources */ = {isa = PBXBuildFile; fileRef = 4D94D37424887A550065955D /* Preview Assets.xcassets */; };
		4D94D37824887A550065955D /* LaunchScreen.storyboard in Resources */ = {isa = PBXBuildFile; fileRef = 4D94D37624887A550065955D /* LaunchScreen.storyboard */; };
		4D94D38324887A560065955D /* Voluntary_HandsTests.swift in Sources */ = {isa = PBXBuildFile; fileRef = 4D94D38224887A560065955D /* Voluntary_HandsTests.swift */; };
		4DC693CB248C641600CBEF91 /* Color+Extension.swift in Sources */ = {isa = PBXBuildFile; fileRef = 4DC693CA248C641600CBEF91 /* Color+Extension.swift */; };
		4DC693CF248C692800CBEF91 /* Colors.xcassets in Resources */ = {isa = PBXBuildFile; fileRef = 4DC693CE248C692800CBEF91 /* Colors.xcassets */; };
		4DC693D5248C6F4A00CBEF91 /* TextFieldFloating.swift in Sources */ = {isa = PBXBuildFile; fileRef = 4DC693D4248C6F4A00CBEF91 /* TextFieldFloating.swift */; };
/* End PBXBuildFile section */

/* Begin PBXContainerItemProxy section */
		4D94D37F24887A560065955D /* PBXContainerItemProxy */ = {
			isa = PBXContainerItemProxy;
			containerPortal = 4D94D36024887A550065955D /* Project object */;
			proxyType = 1;
			remoteGlobalIDString = 4D94D36724887A550065955D;
			remoteInfo = "Voluntary Hands";
		};
/* End PBXContainerItemProxy section */

/* Begin PBXFileReference section */
		4D12CA7F2521532200C3E79A /* LoginCoordinatorView.swift */ = {isa = PBXFileReference; lastKnownFileType = sourcecode.swift; path = LoginCoordinatorView.swift; sourceTree = "<group>"; };
		4D12CA81252154E500C3E79A /* RootView.swift */ = {isa = PBXFileReference; lastKnownFileType = sourcecode.swift; path = RootView.swift; sourceTree = "<group>"; };
		4D12CA842521731800C3E79A /* AppEnvironment.swift */ = {isa = PBXFileReference; lastKnownFileType = sourcecode.swift; path = AppEnvironment.swift; sourceTree = "<group>"; };
		4D12CA862521746F00C3E79A /* LaunchCounter.swift */ = {isa = PBXFileReference; lastKnownFileType = sourcecode.swift; path = LaunchCounter.swift; sourceTree = "<group>"; };
		4D12CA89252175CD00C3E79A /* Network.swift */ = {isa = PBXFileReference; lastKnownFileType = sourcecode.swift; path = Network.swift; sourceTree = "<group>"; };
		4D12CA8B252188C400C3E79A /* NetworkingError.swift */ = {isa = PBXFileReference; lastKnownFileType = sourcecode.swift; path = NetworkingError.swift; sourceTree = "<group>"; };
		4D12CA8D252190DF00C3E79A /* Endpoint.swift */ = {isa = PBXFileReference; lastKnownFileType = sourcecode.swift; path = Endpoint.swift; sourceTree = "<group>"; };
		4D12CA902521926800C3E79A /* LoginEndpoint.swift */ = {isa = PBXFileReference; lastKnownFileType = sourcecode.swift; path = LoginEndpoint.swift; sourceTree = "<group>"; };
		4D12CA92252192BD00C3E79A /* LoginServices.swift */ = {isa = PBXFileReference; lastKnownFileType = sourcecode.swift; path = LoginServices.swift; sourceTree = "<group>"; };
		4D12CA982521958F00C3E79A /* LoginVolunteer.swift */ = {isa = PBXFileReference; lastKnownFileType = sourcecode.swift; path = LoginVolunteer.swift; sourceTree = "<group>"; };
		4D12CA9A252195EE00C3E79A /* LoginInstitution.swift */ = {isa = PBXFileReference; lastKnownFileType = sourcecode.swift; path = LoginInstitution.swift; sourceTree = "<group>"; };
		4D12CA9C2521985C00C3E79A /* Store.swift */ = {isa = PBXFileReference; lastKnownFileType = sourcecode.swift; path = Store.swift; sourceTree = "<group>"; };
		4D12CAA025219AAB00C3E79A /* Reducer.swift */ = {isa = PBXFileReference; lastKnownFileType = sourcecode.swift; path = Reducer.swift; sourceTree = "<group>"; };
		4D12CAA225219CA200C3E79A /* LoginState.swift */ = {isa = PBXFileReference; lastKnownFileType = sourcecode.swift; path = LoginState.swift; sourceTree = "<group>"; };
		4D12CAA425219D2700C3E79A /* LoginAction.swift */ = {isa = PBXFileReference; lastKnownFileType = sourcecode.swift; path = LoginAction.swift; sourceTree = "<group>"; };
		4D12CAA625219DCF00C3E79A /* LoginReducer.swift */ = {isa = PBXFileReference; lastKnownFileType = sourcecode.swift; path = LoginReducer.swift; sourceTree = "<group>"; };
		4D12CAA825219E3800C3E79A /* LoginServicesEnvironment.swift */ = {isa = PBXFileReference; lastKnownFileType = sourcecode.swift; path = LoginServicesEnvironment.swift; sourceTree = "<group>"; };
		4D38E7EB2528CB2700EAD989 /* AppState.swift */ = {isa = PBXFileReference; lastKnownFileType = sourcecode.swift; path = AppState.swift; sourceTree = "<group>"; };
		4D38E7EE2528CC4500EAD989 /* AppAction.swift */ = {isa = PBXFileReference; lastKnownFileType = sourcecode.swift; path = AppAction.swift; sourceTree = "<group>"; };
		4D38E7F02528D30800EAD989 /* AppReducer.swift */ = {isa = PBXFileReference; lastKnownFileType = sourcecode.swift; path = AppReducer.swift; sourceTree = "<group>"; };
		4D38E7F72529257700EAD989 /* LoginContainerView.swift */ = {isa = PBXFileReference; lastKnownFileType = sourcecode.swift; path = LoginContainerView.swift; sourceTree = "<group>"; };
		4D747E46252A696E00738C3D /* Reachability.swift */ = {isa = PBXFileReference; lastKnownFileType = sourcecode.swift; path = Reachability.swift; sourceTree = "<group>"; };
		4D747E4A252AC95500738C3D /* AlertError.swift */ = {isa = PBXFileReference; lastKnownFileType = sourcecode.swift; path = AlertError.swift; sourceTree = "<group>"; };
		4D8501EF248C7EF70021218C /* PrimaryBackgroundStyle.swift */ = {isa = PBXFileReference; lastKnownFileType = sourcecode.swift; path = PrimaryBackgroundStyle.swift; sourceTree = "<group>"; };
		4D8501F3248C87760021218C /* SecondaryBackgroundStyle.swift */ = {isa = PBXFileReference; lastKnownFileType = sourcecode.swift; path = SecondaryBackgroundStyle.swift; sourceTree = "<group>"; };
		4D8501F7248CC92F0021218C /* RegisterDataView.swift */ = {isa = PBXFileReference; lastKnownFileType = sourcecode.swift; path = RegisterDataView.swift; sourceTree = "<group>"; };
		4D8501FD248D93C70021218C /* ActivityView.swift */ = {isa = PBXFileReference; lastKnownFileType = sourcecode.swift; path = ActivityView.swift; sourceTree = "<group>"; };
		4D8501FF248DBB5B0021218C /* RegisterDataViewModel.swift */ = {isa = PBXFileReference; lastKnownFileType = sourcecode.swift; path = RegisterDataViewModel.swift; sourceTree = "<group>"; };
		4D88B640252764D3008504D9 /* TokenUpdater.swift */ = {isa = PBXFileReference; lastKnownFileType = sourcecode.swift; path = TokenUpdater.swift; sourceTree = "<group>"; };
		4D94D36824887A550065955D /* Voluntary Hands.app */ = {isa = PBXFileReference; explicitFileType = wrapper.application; includeInIndex = 0; path = "Voluntary Hands.app"; sourceTree = BUILT_PRODUCTS_DIR; };
		4D94D36B24887A550065955D /* AppDelegate.swift */ = {isa = PBXFileReference; lastKnownFileType = sourcecode.swift; path = AppDelegate.swift; sourceTree = "<group>"; };
		4D94D36D24887A550065955D /* SceneDelegate.swift */ = {isa = PBXFileReference; lastKnownFileType = sourcecode.swift; path = SceneDelegate.swift; sourceTree = "<group>"; };
		4D94D36F24887A550065955D /* LoginView.swift */ = {isa = PBXFileReference; lastKnownFileType = sourcecode.swift; path = LoginView.swift; sourceTree = "<group>"; };
		4D94D37124887A550065955D /* Assets.xcassets */ = {isa = PBXFileReference; lastKnownFileType = folder.assetcatalog; path = Assets.xcassets; sourceTree = "<group>"; };
		4D94D37424887A550065955D /* Preview Assets.xcassets */ = {isa = PBXFileReference; lastKnownFileType = folder.assetcatalog; path = "Preview Assets.xcassets"; sourceTree = "<group>"; };
		4D94D37724887A550065955D /* Base */ = {isa = PBXFileReference; lastKnownFileType = file.storyboard; name = Base; path = Base.lproj/LaunchScreen.storyboard; sourceTree = "<group>"; };
		4D94D37924887A550065955D /* Info.plist */ = {isa = PBXFileReference; lastKnownFileType = text.plist.xml; path = Info.plist; sourceTree = "<group>"; };
		4D94D37E24887A560065955D /* Voluntary HandsTests.xctest */ = {isa = PBXFileReference; explicitFileType = wrapper.cfbundle; includeInIndex = 0; path = "Voluntary HandsTests.xctest"; sourceTree = BUILT_PRODUCTS_DIR; };
		4D94D38224887A560065955D /* Voluntary_HandsTests.swift */ = {isa = PBXFileReference; lastKnownFileType = sourcecode.swift; path = Voluntary_HandsTests.swift; sourceTree = "<group>"; };
		4D94D38424887A560065955D /* Info.plist */ = {isa = PBXFileReference; lastKnownFileType = text.plist.xml; path = Info.plist; sourceTree = "<group>"; };
		4DC693CA248C641600CBEF91 /* Color+Extension.swift */ = {isa = PBXFileReference; lastKnownFileType = sourcecode.swift; path = "Color+Extension.swift"; sourceTree = "<group>"; };
		4DC693CE248C692800CBEF91 /* Colors.xcassets */ = {isa = PBXFileReference; lastKnownFileType = folder.assetcatalog; path = Colors.xcassets; sourceTree = "<group>"; };
		4DC693D4248C6F4A00CBEF91 /* TextFieldFloating.swift */ = {isa = PBXFileReference; lastKnownFileType = sourcecode.swift; path = TextFieldFloating.swift; sourceTree = "<group>"; };
/* End PBXFileReference section */

/* Begin PBXFrameworksBuildPhase section */
		4D94D36524887A550065955D /* Frameworks */ = {
			isa = PBXFrameworksBuildPhase;
			buildActionMask = 2147483647;
			files = (
			);
			runOnlyForDeploymentPostprocessing = 0;
		};
		4D94D37B24887A560065955D /* Frameworks */ = {
			isa = PBXFrameworksBuildPhase;
			buildActionMask = 2147483647;
			files = (
			);
			runOnlyForDeploymentPostprocessing = 0;
		};
/* End PBXFrameworksBuildPhase section */

/* Begin PBXGroup section */
		4D12CA832521730B00C3E79A /* App */ = {
			isa = PBXGroup;
			children = (
				4D38E7ED2528CB4300EAD989 /* Reducer */,
				4D38E7F2252918E100EAD989 /* Environment */,
			);
			path = App;
			sourceTree = "<group>";
		};
		4D12CA8F2521925B00C3E79A /* Login */ = {
			isa = PBXGroup;
			children = (
				4D88B642252775E7008504D9 /* Reducer */,
				4D12CA952521938A00C3E79A /* Services */,
				4D12CA942521938500C3E79A /* Model */,
			);
			path = Login;
			sourceTree = "<group>";
		};
		4D12CA942521938500C3E79A /* Model */ = {
			isa = PBXGroup;
			children = (
				4D12CA982521958F00C3E79A /* LoginVolunteer.swift */,
				4D12CA9A252195EE00C3E79A /* LoginInstitution.swift */,
			);
			path = Model;
			sourceTree = "<group>";
		};
		4D12CA952521938A00C3E79A /* Services */ = {
			isa = PBXGroup;
			children = (
				4D12CA902521926800C3E79A /* LoginEndpoint.swift */,
				4D12CA92252192BD00C3E79A /* LoginServices.swift */,
				4D12CAA825219E3800C3E79A /* LoginServicesEnvironment.swift */,
			);
			path = Services;
			sourceTree = "<group>";
		};
		4D38E7ED2528CB4300EAD989 /* Reducer */ = {
			isa = PBXGroup;
			children = (
				4D38E7EB2528CB2700EAD989 /* AppState.swift */,
				4D38E7EE2528CC4500EAD989 /* AppAction.swift */,
				4D38E7F02528D30800EAD989 /* AppReducer.swift */,
			);
			path = Reducer;
			sourceTree = "<group>";
		};
		4D38E7F2252918E100EAD989 /* Environment */ = {
			isa = PBXGroup;
			children = (
				4D12CA842521731800C3E79A /* AppEnvironment.swift */,
			);
			path = Environment;
			sourceTree = "<group>";
		};
		4D38E7F325291BA800EAD989 /* Shared */ = {
			isa = PBXGroup;
			children = (
				4D38E7F625291E7F00EAD989 /* Logic */,
				4D38E7F525291E6D00EAD989 /* Architecture */,
				4D38E7F425291E6400EAD989 /* Networking */,
			);
			path = Shared;
			sourceTree = "<group>";
		};
		4D38E7F425291E6400EAD989 /* Networking */ = {
			isa = PBXGroup;
			children = (
				4D12CA8B252188C400C3E79A /* NetworkingError.swift */,
				4D12CA8D252190DF00C3E79A /* Endpoint.swift */,
				4D12CA89252175CD00C3E79A /* Network.swift */,
				4D747E46252A696E00738C3D /* Reachability.swift */,
				4D747E4A252AC95500738C3D /* AlertError.swift */,
			);
			path = Networking;
			sourceTree = "<group>";
		};
		4D38E7F525291E6D00EAD989 /* Architecture */ = {
			isa = PBXGroup;
			children = (
				4D12CAA025219AAB00C3E79A /* Reducer.swift */,
				4D12CA9C2521985C00C3E79A /* Store.swift */,
			);
			path = Architecture;
			sourceTree = "<group>";
		};
		4D38E7F625291E7F00EAD989 /* Logic */ = {
			isa = PBXGroup;
			children = (
				4D12CA862521746F00C3E79A /* LaunchCounter.swift */,
				4D88B640252764D3008504D9 /* TokenUpdater.swift */,
			);
			path = Logic;
			sourceTree = "<group>";
		};
		4D42C965248C5D7B004D0EE5 /* Features */ = {
			isa = PBXGroup;
			children = (
				4D8501F5248CC83A0021218C /* SignUp */,
				4D42C966248C5DA2004D0EE5 /* Login */,
			);
			path = Features;
			sourceTree = "<group>";
		};
		4D42C966248C5DA2004D0EE5 /* Login */ = {
			isa = PBXGroup;
			children = (
				4D12CA7F2521532200C3E79A /* LoginCoordinatorView.swift */,
				4D38E7F72529257700EAD989 /* LoginContainerView.swift */,
				4D94D36F24887A550065955D /* LoginView.swift */,
			);
			path = Login;
			sourceTree = "<group>";
		};
		4D8501F1248C82BE0021218C /* Styles */ = {
			isa = PBXGroup;
			children = (
				4D8501F2248C82DB0021218C /* Button */,
			);
			path = Styles;
			sourceTree = "<group>";
		};
		4D8501F2248C82DB0021218C /* Button */ = {
			isa = PBXGroup;
			children = (
				4D8501EF248C7EF70021218C /* PrimaryBackgroundStyle.swift */,
				4D8501F3248C87760021218C /* SecondaryBackgroundStyle.swift */,
			);
			path = Button;
			sourceTree = "<group>";
		};
		4D8501F5248CC83A0021218C /* SignUp */ = {
			isa = PBXGroup;
			children = (
				4D8501F6248CC8590021218C /* Register Data */,
			);
			path = SignUp;
			sourceTree = "<group>";
		};
		4D8501F6248CC8590021218C /* Register Data */ = {
			isa = PBXGroup;
			children = (
				4D8501F7248CC92F0021218C /* RegisterDataView.swift */,
				4D8501FF248DBB5B0021218C /* RegisterDataViewModel.swift */,
			);
			path = "Register Data";
			sourceTree = "<group>";
		};
		4D88B642252775E7008504D9 /* Reducer */ = {
			isa = PBXGroup;
			children = (
				4D12CAA225219CA200C3E79A /* LoginState.swift */,
				4D12CAA425219D2700C3E79A /* LoginAction.swift */,
				4D12CAA625219DCF00C3E79A /* LoginReducer.swift */,
			);
			path = Reducer;
			sourceTree = "<group>";
		};
		4D94D35F24887A550065955D = {
			isa = PBXGroup;
			children = (
				4D94D36A24887A550065955D /* Voluntary Hands */,
				4D94D38124887A560065955D /* Voluntary HandsTests */,
				4D94D36924887A550065955D /* Products */,
			);
			sourceTree = "<group>";
		};
		4D94D36924887A550065955D /* Products */ = {
			isa = PBXGroup;
			children = (
				4D94D36824887A550065955D /* Voluntary Hands.app */,
				4D94D37E24887A560065955D /* Voluntary HandsTests.xctest */,
			);
			name = Products;
			sourceTree = "<group>";
		};
		4D94D36A24887A550065955D /* Voluntary Hands */ = {
			isa = PBXGroup;
			children = (
				4D94D37924887A550065955D /* Info.plist */,
				4D94D36B24887A550065955D /* AppDelegate.swift */,
				4D94D36D24887A550065955D /* SceneDelegate.swift */,
				4D12CA81252154E500C3E79A /* RootView.swift */,
				4D94D37624887A550065955D /* LaunchScreen.storyboard */,
				4DC693D3248C6F0100CBEF91 /* Views */,
				4D8501F1248C82BE0021218C /* Styles */,
				4D42C965248C5D7B004D0EE5 /* Features */,
				4D9CF3D1251D59E300DEED1D /* Domains */,
				4D38E7F325291BA800EAD989 /* Shared */,
				4DC693C9248C63F600CBEF91 /* Extensions */,
				4D94D37324887A550065955D /* Preview Content */,
				4DC693CD248C690700CBEF91 /* Resources */,
			);
			path = "Voluntary Hands";
			sourceTree = "<group>";
		};
		4D94D37324887A550065955D /* Preview Content */ = {
			isa = PBXGroup;
			children = (
				4D94D37424887A550065955D /* Preview Assets.xcassets */,
			);
			path = "Preview Content";
			sourceTree = "<group>";
		};
		4D94D38124887A560065955D /* Voluntary HandsTests */ = {
			isa = PBXGroup;
			children = (
				4D94D38224887A560065955D /* Voluntary_HandsTests.swift */,
				4D94D38424887A560065955D /* Info.plist */,
			);
			path = "Voluntary HandsTests";
			sourceTree = "<group>";
		};
		4D9CF3D1251D59E300DEED1D /* Domains */ = {
			isa = PBXGroup;
			children = (
				4D12CA832521730B00C3E79A /* App */,
				4D12CA8F2521925B00C3E79A /* Login */,
			);
			path = Domains;
			sourceTree = "<group>";
		};
		4DC693C9248C63F600CBEF91 /* Extensions */ = {
			isa = PBXGroup;
			children = (
				4DC693CA248C641600CBEF91 /* Color+Extension.swift */,
			);
			path = Extensions;
			sourceTree = "<group>";
		};
		4DC693CD248C690700CBEF91 /* Resources */ = {
			isa = PBXGroup;
			children = (
				4D94D37124887A550065955D /* Assets.xcassets */,
				4DC693CE248C692800CBEF91 /* Colors.xcassets */,
			);
			path = Resources;
			sourceTree = "<group>";
		};
		4DC693D3248C6F0100CBEF91 /* Views */ = {
			isa = PBXGroup;
			children = (
				4DC693D4248C6F4A00CBEF91 /* TextFieldFloating.swift */,
				4D8501FD248D93C70021218C /* ActivityView.swift */,
			);
			path = Views;
			sourceTree = "<group>";
		};
/* End PBXGroup section */

/* Begin PBXNativeTarget section */
		4D94D36724887A550065955D /* Voluntary Hands */ = {
			isa = PBXNativeTarget;
			buildConfigurationList = 4D94D38724887A560065955D /* Build configuration list for PBXNativeTarget "Voluntary Hands" */;
			buildPhases = (
				4D94D36424887A550065955D /* Sources */,
				4D94D36524887A550065955D /* Frameworks */,
				4D94D36624887A550065955D /* Resources */,
			);
			buildRules = (
			);
			dependencies = (
			);
			name = "Voluntary Hands";
			productName = "Voluntary Hands";
			productReference = 4D94D36824887A550065955D /* Voluntary Hands.app */;
			productType = "com.apple.product-type.application";
		};
		4D94D37D24887A560065955D /* Voluntary HandsTests */ = {
			isa = PBXNativeTarget;
			buildConfigurationList = 4D94D38A24887A560065955D /* Build configuration list for PBXNativeTarget "Voluntary HandsTests" */;
			buildPhases = (
				4D94D37A24887A560065955D /* Sources */,
				4D94D37B24887A560065955D /* Frameworks */,
				4D94D37C24887A560065955D /* Resources */,
			);
			buildRules = (
			);
			dependencies = (
				4D94D38024887A560065955D /* PBXTargetDependency */,
			);
			name = "Voluntary HandsTests";
			productName = "Voluntary HandsTests";
			productReference = 4D94D37E24887A560065955D /* Voluntary HandsTests.xctest */;
			productType = "com.apple.product-type.bundle.unit-test";
		};
/* End PBXNativeTarget section */

/* Begin PBXProject section */
		4D94D36024887A550065955D /* Project object */ = {
			isa = PBXProject;
			attributes = {
				LastSwiftUpdateCheck = 1150;
				LastUpgradeCheck = 1150;
				ORGANIZATIONNAME = "Thiago Rodrigues Centurion";
				TargetAttributes = {
					4D94D36724887A550065955D = {
						CreatedOnToolsVersion = 11.5;
					};
					4D94D37D24887A560065955D = {
						CreatedOnToolsVersion = 11.5;
						TestTargetID = 4D94D36724887A550065955D;
					};
				};
			};
			buildConfigurationList = 4D94D36324887A550065955D /* Build configuration list for PBXProject "Voluntary Hands" */;
			compatibilityVersion = "Xcode 9.3";
			developmentRegion = en;
			hasScannedForEncodings = 0;
			knownRegions = (
				en,
				Base,
			);
			mainGroup = 4D94D35F24887A550065955D;
			productRefGroup = 4D94D36924887A550065955D /* Products */;
			projectDirPath = "";
			projectRoot = "";
			targets = (
				4D94D36724887A550065955D /* Voluntary Hands */,
				4D94D37D24887A560065955D /* Voluntary HandsTests */,
			);
		};
/* End PBXProject section */

/* Begin PBXResourcesBuildPhase section */
		4D94D36624887A550065955D /* Resources */ = {
			isa = PBXResourcesBuildPhase;
			buildActionMask = 2147483647;
			files = (
				4D94D37824887A550065955D /* LaunchScreen.storyboard in Resources */,
				4DC693CF248C692800CBEF91 /* Colors.xcassets in Resources */,
				4D94D37524887A550065955D /* Preview Assets.xcassets in Resources */,
				4D94D37224887A550065955D /* Assets.xcassets in Resources */,
			);
			runOnlyForDeploymentPostprocessing = 0;
		};
		4D94D37C24887A560065955D /* Resources */ = {
			isa = PBXResourcesBuildPhase;
			buildActionMask = 2147483647;
			files = (
			);
			runOnlyForDeploymentPostprocessing = 0;
		};
/* End PBXResourcesBuildPhase section */

/* Begin PBXSourcesBuildPhase section */
		4D94D36424887A550065955D /* Sources */ = {
			isa = PBXSourcesBuildPhase;
			buildActionMask = 2147483647;
			files = (
				4D12CA992521958F00C3E79A /* LoginVolunteer.swift in Sources */,
				4D94D36C24887A550065955D /* AppDelegate.swift in Sources */,
				4D38E7F12528D30800EAD989 /* AppReducer.swift in Sources */,
				4D8501F8248CC92F0021218C /* RegisterDataView.swift in Sources */,
				4D12CA8C252188C400C3E79A /* NetworkingError.swift in Sources */,
				4D38E7EF2528CC4500EAD989 /* AppAction.swift in Sources */,
				4D12CA9B252195EE00C3E79A /* LoginInstitution.swift in Sources */,
				4D12CA802521532200C3E79A /* LoginCoordinatorView.swift in Sources */,
				4D12CA912521926800C3E79A /* LoginEndpoint.swift in Sources */,
				4D12CA93252192BD00C3E79A /* LoginServices.swift in Sources */,
				4D94D36E24887A550065955D /* SceneDelegate.swift in Sources */,
				4D747E4B252AC95500738C3D /* AlertError.swift in Sources */,
				4D12CA852521731800C3E79A /* AppEnvironment.swift in Sources */,
				4D38E7EC2528CB2700EAD989 /* AppState.swift in Sources */,
				4D8501FE248D93C70021218C /* ActivityView.swift in Sources */,
				4D8501F4248C87760021218C /* SecondaryBackgroundStyle.swift in Sources */,
				4D8501F0248C7EF70021218C /* PrimaryBackgroundStyle.swift in Sources */,
				4D12CAA125219AAB00C3E79A /* Reducer.swift in Sources */,
				4D94D37024887A550065955D /* LoginView.swift in Sources */,
				4D88B641252764D3008504D9 /* TokenUpdater.swift in Sources */,
				4D12CA872521746F00C3E79A /* LaunchCounter.swift in Sources */,
				4D12CA8A252175CD00C3E79A /* Network.swift in Sources */,
				4D12CAA525219D2700C3E79A /* LoginAction.swift in Sources */,
				4D12CA8E252190DF00C3E79A /* Endpoint.swift in Sources */,
				4DC693D5248C6F4A00CBEF91 /* TextFieldFloating.swift in Sources */,
				4D12CAA325219CA200C3E79A /* LoginState.swift in Sources */,
				4D850200248DBB5B0021218C /* RegisterDataViewModel.swift in Sources */,
				4D12CAA725219DCF00C3E79A /* LoginReducer.swift in Sources */,
				4DC693CB248C641600CBEF91 /* Color+Extension.swift in Sources */,
				4D12CA9D2521985C00C3E79A /* Store.swift in Sources */,
				4D747E47252A696E00738C3D /* Reachability.swift in Sources */,
				4D12CA82252154E500C3E79A /* RootView.swift in Sources */,
				4D38E7F82529257700EAD989 /* LoginContainerView.swift in Sources */,
				4D12CAA925219E3800C3E79A /* LoginServicesEnvironment.swift in Sources */,
			);
			runOnlyForDeploymentPostprocessing = 0;
		};
		4D94D37A24887A560065955D /* Sources */ = {
			isa = PBXSourcesBuildPhase;
			buildActionMask = 2147483647;
			files = (
				4D94D38324887A560065955D /* Voluntary_HandsTests.swift in Sources */,
			);
			runOnlyForDeploymentPostprocessing = 0;
		};
/* End PBXSourcesBuildPhase section */

/* Begin PBXTargetDependency section */
		4D94D38024887A560065955D /* PBXTargetDependency */ = {
			isa = PBXTargetDependency;
			target = 4D94D36724887A550065955D /* Voluntary Hands */;
			targetProxy = 4D94D37F24887A560065955D /* PBXContainerItemProxy */;
		};
/* End PBXTargetDependency section */

/* Begin PBXVariantGroup section */
		4D94D37624887A550065955D /* LaunchScreen.storyboard */ = {
			isa = PBXVariantGroup;
			children = (
				4D94D37724887A550065955D /* Base */,
			);
			name = LaunchScreen.storyboard;
			sourceTree = "<group>";
		};
/* End PBXVariantGroup section */

/* Begin XCBuildConfiguration section */
		4D94D38524887A560065955D /* Debug */ = {
			isa = XCBuildConfiguration;
			buildSettings = {
				ALWAYS_SEARCH_USER_PATHS = NO;
				CLANG_ANALYZER_NONNULL = YES;
				CLANG_ANALYZER_NUMBER_OBJECT_CONVERSION = YES_AGGRESSIVE;
				CLANG_CXX_LANGUAGE_STANDARD = "gnu++14";
				CLANG_CXX_LIBRARY = "libc++";
				CLANG_ENABLE_MODULES = YES;
				CLANG_ENABLE_OBJC_ARC = YES;
				CLANG_ENABLE_OBJC_WEAK = YES;
				CLANG_WARN_BLOCK_CAPTURE_AUTORELEASING = YES;
				CLANG_WARN_BOOL_CONVERSION = YES;
				CLANG_WARN_COMMA = YES;
				CLANG_WARN_CONSTANT_CONVERSION = YES;
				CLANG_WARN_DEPRECATED_OBJC_IMPLEMENTATIONS = YES;
				CLANG_WARN_DIRECT_OBJC_ISA_USAGE = YES_ERROR;
				CLANG_WARN_DOCUMENTATION_COMMENTS = YES;
				CLANG_WARN_EMPTY_BODY = YES;
				CLANG_WARN_ENUM_CONVERSION = YES;
				CLANG_WARN_INFINITE_RECURSION = YES;
				CLANG_WARN_INT_CONVERSION = YES;
				CLANG_WARN_NON_LITERAL_NULL_CONVERSION = YES;
				CLANG_WARN_OBJC_IMPLICIT_RETAIN_SELF = YES;
				CLANG_WARN_OBJC_LITERAL_CONVERSION = YES;
				CLANG_WARN_OBJC_ROOT_CLASS = YES_ERROR;
				CLANG_WARN_RANGE_LOOP_ANALYSIS = YES;
				CLANG_WARN_STRICT_PROTOTYPES = YES;
				CLANG_WARN_SUSPICIOUS_MOVE = YES;
				CLANG_WARN_UNGUARDED_AVAILABILITY = YES_AGGRESSIVE;
				CLANG_WARN_UNREACHABLE_CODE = YES;
				CLANG_WARN__DUPLICATE_METHOD_MATCH = YES;
				COPY_PHASE_STRIP = NO;
				DEBUG_INFORMATION_FORMAT = dwarf;
				ENABLE_STRICT_OBJC_MSGSEND = YES;
				ENABLE_TESTABILITY = YES;
				GCC_C_LANGUAGE_STANDARD = gnu11;
				GCC_DYNAMIC_NO_PIC = NO;
				GCC_NO_COMMON_BLOCKS = YES;
				GCC_OPTIMIZATION_LEVEL = 0;
				GCC_PREPROCESSOR_DEFINITIONS = (
					"DEBUG=1",
					"$(inherited)",
				);
				GCC_WARN_64_TO_32_BIT_CONVERSION = YES;
				GCC_WARN_ABOUT_RETURN_TYPE = YES_ERROR;
				GCC_WARN_UNDECLARED_SELECTOR = YES;
				GCC_WARN_UNINITIALIZED_AUTOS = YES_AGGRESSIVE;
				GCC_WARN_UNUSED_FUNCTION = YES;
				GCC_WARN_UNUSED_VARIABLE = YES;
				IPHONEOS_DEPLOYMENT_TARGET = 14.0;
				MTL_ENABLE_DEBUG_INFO = INCLUDE_SOURCE;
				MTL_FAST_MATH = YES;
				ONLY_ACTIVE_ARCH = YES;
				SDKROOT = iphoneos;
				SWIFT_ACTIVE_COMPILATION_CONDITIONS = DEBUG;
				SWIFT_OPTIMIZATION_LEVEL = "-Onone";
			};
			name = Debug;
		};
		4D94D38624887A560065955D /* Release */ = {
			isa = XCBuildConfiguration;
			buildSettings = {
				ALWAYS_SEARCH_USER_PATHS = NO;
				CLANG_ANALYZER_NONNULL = YES;
				CLANG_ANALYZER_NUMBER_OBJECT_CONVERSION = YES_AGGRESSIVE;
				CLANG_CXX_LANGUAGE_STANDARD = "gnu++14";
				CLANG_CXX_LIBRARY = "libc++";
				CLANG_ENABLE_MODULES = YES;
				CLANG_ENABLE_OBJC_ARC = YES;
				CLANG_ENABLE_OBJC_WEAK = YES;
				CLANG_WARN_BLOCK_CAPTURE_AUTORELEASING = YES;
				CLANG_WARN_BOOL_CONVERSION = YES;
				CLANG_WARN_COMMA = YES;
				CLANG_WARN_CONSTANT_CONVERSION = YES;
				CLANG_WARN_DEPRECATED_OBJC_IMPLEMENTATIONS = YES;
				CLANG_WARN_DIRECT_OBJC_ISA_USAGE = YES_ERROR;
				CLANG_WARN_DOCUMENTATION_COMMENTS = YES;
				CLANG_WARN_EMPTY_BODY = YES;
				CLANG_WARN_ENUM_CONVERSION = YES;
				CLANG_WARN_INFINITE_RECURSION = YES;
				CLANG_WARN_INT_CONVERSION = YES;
				CLANG_WARN_NON_LITERAL_NULL_CONVERSION = YES;
				CLANG_WARN_OBJC_IMPLICIT_RETAIN_SELF = YES;
				CLANG_WARN_OBJC_LITERAL_CONVERSION = YES;
				CLANG_WARN_OBJC_ROOT_CLASS = YES_ERROR;
				CLANG_WARN_RANGE_LOOP_ANALYSIS = YES;
				CLANG_WARN_STRICT_PROTOTYPES = YES;
				CLANG_WARN_SUSPICIOUS_MOVE = YES;
				CLANG_WARN_UNGUARDED_AVAILABILITY = YES_AGGRESSIVE;
				CLANG_WARN_UNREACHABLE_CODE = YES;
				CLANG_WARN__DUPLICATE_METHOD_MATCH = YES;
				COPY_PHASE_STRIP = NO;
				DEBUG_INFORMATION_FORMAT = "dwarf-with-dsym";
				ENABLE_NS_ASSERTIONS = NO;
				ENABLE_STRICT_OBJC_MSGSEND = YES;
				GCC_C_LANGUAGE_STANDARD = gnu11;
				GCC_NO_COMMON_BLOCKS = YES;
				GCC_WARN_64_TO_32_BIT_CONVERSION = YES;
				GCC_WARN_ABOUT_RETURN_TYPE = YES_ERROR;
				GCC_WARN_UNDECLARED_SELECTOR = YES;
				GCC_WARN_UNINITIALIZED_AUTOS = YES_AGGRESSIVE;
				GCC_WARN_UNUSED_FUNCTION = YES;
				GCC_WARN_UNUSED_VARIABLE = YES;
				IPHONEOS_DEPLOYMENT_TARGET = 14.0;
				MTL_ENABLE_DEBUG_INFO = NO;
				MTL_FAST_MATH = YES;
				SDKROOT = iphoneos;
				SWIFT_COMPILATION_MODE = wholemodule;
				SWIFT_OPTIMIZATION_LEVEL = "-O";
				VALIDATE_PRODUCT = YES;
			};
			name = Release;
		};
		4D94D38824887A560065955D /* Debug */ = {
			isa = XCBuildConfiguration;
			buildSettings = {
				ASSETCATALOG_COMPILER_APPICON_NAME = AppIcon;
				CODE_SIGN_STYLE = Automatic;
				DEVELOPMENT_ASSET_PATHS = "\"Voluntary Hands/Preview Content\"";
				DEVELOPMENT_TEAM = TTSKDZ455K;
				ENABLE_PREVIEWS = YES;
				INFOPLIST_FILE = "Voluntary Hands/Info.plist";
				LD_RUNPATH_SEARCH_PATHS = (
					"$(inherited)",
					"@executable_path/Frameworks",
				);
				PRODUCT_BUNDLE_IDENTIFIER = "com.thiagocenturion.Voluntary-Hands";
				PRODUCT_NAME = "$(TARGET_NAME)";
				SWIFT_VERSION = 5.0;
				TARGETED_DEVICE_FAMILY = "1,2";
			};
			name = Debug;
		};
		4D94D38924887A560065955D /* Release */ = {
			isa = XCBuildConfiguration;
			buildSettings = {
				ASSETCATALOG_COMPILER_APPICON_NAME = AppIcon;
				CODE_SIGN_STYLE = Automatic;
				DEVELOPMENT_ASSET_PATHS = "\"Voluntary Hands/Preview Content\"";
				DEVELOPMENT_TEAM = TTSKDZ455K;
				ENABLE_PREVIEWS = YES;
				INFOPLIST_FILE = "Voluntary Hands/Info.plist";
				LD_RUNPATH_SEARCH_PATHS = (
					"$(inherited)",
					"@executable_path/Frameworks",
				);
				PRODUCT_BUNDLE_IDENTIFIER = "com.thiagocenturion.Voluntary-Hands";
				PRODUCT_NAME = "$(TARGET_NAME)";
				SWIFT_VERSION = 5.0;
				TARGETED_DEVICE_FAMILY = "1,2";
			};
			name = Release;
		};
		4D94D38B24887A560065955D /* Debug */ = {
			isa = XCBuildConfiguration;
			buildSettings = {
				ALWAYS_EMBED_SWIFT_STANDARD_LIBRARIES = YES;
				BUNDLE_LOADER = "$(TEST_HOST)";
				CODE_SIGN_STYLE = Automatic;
				DEVELOPMENT_TEAM = TTSKDZ455K;
				INFOPLIST_FILE = "Voluntary HandsTests/Info.plist";
				IPHONEOS_DEPLOYMENT_TARGET = 13.5;
				LD_RUNPATH_SEARCH_PATHS = (
					"$(inherited)",
					"@executable_path/Frameworks",
					"@loader_path/Frameworks",
				);
				PRODUCT_BUNDLE_IDENTIFIER = "com.thiagocenturion.Voluntary-HandsTests";
				PRODUCT_NAME = "$(TARGET_NAME)";
				SWIFT_VERSION = 5.0;
				TARGETED_DEVICE_FAMILY = "1,2";
				TEST_HOST = "$(BUILT_PRODUCTS_DIR)/Voluntary Hands.app/Voluntary Hands";
			};
			name = Debug;
		};
		4D94D38C24887A560065955D /* Release */ = {
			isa = XCBuildConfiguration;
			buildSettings = {
				ALWAYS_EMBED_SWIFT_STANDARD_LIBRARIES = YES;
				BUNDLE_LOADER = "$(TEST_HOST)";
				CODE_SIGN_STYLE = Automatic;
				DEVELOPMENT_TEAM = TTSKDZ455K;
				INFOPLIST_FILE = "Voluntary HandsTests/Info.plist";
				IPHONEOS_DEPLOYMENT_TARGET = 13.5;
				LD_RUNPATH_SEARCH_PATHS = (
					"$(inherited)",
					"@executable_path/Frameworks",
					"@loader_path/Frameworks",
				);
				PRODUCT_BUNDLE_IDENTIFIER = "com.thiagocenturion.Voluntary-HandsTests";
				PRODUCT_NAME = "$(TARGET_NAME)";
				SWIFT_VERSION = 5.0;
				TARGETED_DEVICE_FAMILY = "1,2";
				TEST_HOST = "$(BUILT_PRODUCTS_DIR)/Voluntary Hands.app/Voluntary Hands";
			};
			name = Release;
		};
/* End XCBuildConfiguration section */

/* Begin XCConfigurationList section */
		4D94D36324887A550065955D /* Build configuration list for PBXProject "Voluntary Hands" */ = {
			isa = XCConfigurationList;
			buildConfigurations = (
				4D94D38524887A560065955D /* Debug */,
				4D94D38624887A560065955D /* Release */,
			);
			defaultConfigurationIsVisible = 0;
			defaultConfigurationName = Release;
		};
		4D94D38724887A560065955D /* Build configuration list for PBXNativeTarget "Voluntary Hands" */ = {
			isa = XCConfigurationList;
			buildConfigurations = (
				4D94D38824887A560065955D /* Debug */,
				4D94D38924887A560065955D /* Release */,
			);
			defaultConfigurationIsVisible = 0;
			defaultConfigurationName = Release;
		};
		4D94D38A24887A560065955D /* Build configuration list for PBXNativeTarget "Voluntary HandsTests" */ = {
			isa = XCConfigurationList;
			buildConfigurations = (
				4D94D38B24887A560065955D /* Debug */,
				4D94D38C24887A560065955D /* Release */,
			);
			defaultConfigurationIsVisible = 0;
			defaultConfigurationName = Release;
		};
/* End XCConfigurationList section */
	};
	rootObject = 4D94D36024887A550065955D /* Project object */;
}
