// !$*UTF8*$!
{
	archiveVersion = 1;
	classes = {
	};
	objectVersion = 50;
	objects = {

/* Begin PBXBuildFile section */
		4D503277244007C900896B0C /* AppDelegate.swift in Sources */ = {isa = PBXBuildFile; fileRef = 4D503276244007C900896B0C /* AppDelegate.swift */; };
		4D503279244007C900896B0C /* SceneDelegate.swift in Sources */ = {isa = PBXBuildFile; fileRef = 4D503278244007C900896B0C /* SceneDelegate.swift */; };
		4D50327B244007C900896B0C /* ViewController.swift in Sources */ = {isa = PBXBuildFile; fileRef = 4D50327A244007C900896B0C /* ViewController.swift */; };
		4D50327E244007C900896B0C /* Main.storyboard in Resources */ = {isa = PBXBuildFile; fileRef = 4D50327C244007C900896B0C /* Main.storyboard */; };
		4D503280244007CB00896B0C /* Assets.xcassets in Resources */ = {isa = PBXBuildFile; fileRef = 4D50327F244007CB00896B0C /* Assets.xcassets */; };
		4D503283244007CB00896B0C /* LaunchScreen.storyboard in Resources */ = {isa = PBXBuildFile; fileRef = 4D503281244007CB00896B0C /* LaunchScreen.storyboard */; };
		4D50328E244007CB00896B0C /* Voluntary_HandsTests.swift in Sources */ = {isa = PBXBuildFile; fileRef = 4D50328D244007CB00896B0C /* Voluntary_HandsTests.swift */; };
		4D503299244007CC00896B0C /* Voluntary_HandsUITests.swift in Sources */ = {isa = PBXBuildFile; fileRef = 4D503298244007CC00896B0C /* Voluntary_HandsUITests.swift */; };
/* End PBXBuildFile section */

/* Begin PBXContainerItemProxy section */
		4D50328A244007CB00896B0C /* PBXContainerItemProxy */ = {
			isa = PBXContainerItemProxy;
			containerPortal = 4D50326B244007C900896B0C /* Project object */;
			proxyType = 1;
			remoteGlobalIDString = 4D503272244007C900896B0C;
			remoteInfo = "Voluntary Hands";
		};
		4D503295244007CC00896B0C /* PBXContainerItemProxy */ = {
			isa = PBXContainerItemProxy;
			containerPortal = 4D50326B244007C900896B0C /* Project object */;
			proxyType = 1;
			remoteGlobalIDString = 4D503272244007C900896B0C;
			remoteInfo = "Voluntary Hands";
		};
/* End PBXContainerItemProxy section */

/* Begin PBXFileReference section */
		4D503273244007C900896B0C /* Voluntary Hands.app */ = {isa = PBXFileReference; explicitFileType = wrapper.application; includeInIndex = 0; path = "Voluntary Hands.app"; sourceTree = BUILT_PRODUCTS_DIR; };
		4D503276244007C900896B0C /* AppDelegate.swift */ = {isa = PBXFileReference; lastKnownFileType = sourcecode.swift; path = AppDelegate.swift; sourceTree = "<group>"; };
		4D503278244007C900896B0C /* SceneDelegate.swift */ = {isa = PBXFileReference; lastKnownFileType = sourcecode.swift; path = SceneDelegate.swift; sourceTree = "<group>"; };
		4D50327A244007C900896B0C /* ViewController.swift */ = {isa = PBXFileReference; lastKnownFileType = sourcecode.swift; path = ViewController.swift; sourceTree = "<group>"; };
		4D50327D244007C900896B0C /* Base */ = {isa = PBXFileReference; lastKnownFileType = file.storyboard; name = Base; path = Base.lproj/Main.storyboard; sourceTree = "<group>"; };
		4D50327F244007CB00896B0C /* Assets.xcassets */ = {isa = PBXFileReference; lastKnownFileType = folder.assetcatalog; path = Assets.xcassets; sourceTree = "<group>"; };
		4D503282244007CB00896B0C /* Base */ = {isa = PBXFileReference; lastKnownFileType = file.storyboard; name = Base; path = Base.lproj/LaunchScreen.storyboard; sourceTree = "<group>"; };
		4D503284244007CB00896B0C /* Info.plist */ = {isa = PBXFileReference; lastKnownFileType = text.plist.xml; path = Info.plist; sourceTree = "<group>"; };
		4D503289244007CB00896B0C /* Voluntary HandsTests.xctest */ = {isa = PBXFileReference; explicitFileType = wrapper.cfbundle; includeInIndex = 0; path = "Voluntary HandsTests.xctest"; sourceTree = BUILT_PRODUCTS_DIR; };
		4D50328D244007CB00896B0C /* Voluntary_HandsTests.swift */ = {isa = PBXFileReference; lastKnownFileType = sourcecode.swift; path = Voluntary_HandsTests.swift; sourceTree = "<group>"; };
		4D50328F244007CC00896B0C /* Info.plist */ = {isa = PBXFileReference; lastKnownFileType = text.plist.xml; path = Info.plist; sourceTree = "<group>"; };
		4D503294244007CC00896B0C /* Voluntary HandsUITests.xctest */ = {isa = PBXFileReference; explicitFileType = wrapper.cfbundle; includeInIndex = 0; path = "Voluntary HandsUITests.xctest"; sourceTree = BUILT_PRODUCTS_DIR; };
		4D503298244007CC00896B0C /* Voluntary_HandsUITests.swift */ = {isa = PBXFileReference; lastKnownFileType = sourcecode.swift; path = Voluntary_HandsUITests.swift; sourceTree = "<group>"; };
		4D50329A244007CC00896B0C /* Info.plist */ = {isa = PBXFileReference; lastKnownFileType = text.plist.xml; path = Info.plist; sourceTree = "<group>"; };
/* End PBXFileReference section */

/* Begin PBXFrameworksBuildPhase section */
		4D503270244007C900896B0C /* Frameworks */ = {
			isa = PBXFrameworksBuildPhase;
			buildActionMask = 2147483647;
			files = (
			);
			runOnlyForDeploymentPostprocessing = 0;
		};
		4D503286244007CB00896B0C /* Frameworks */ = {
			isa = PBXFrameworksBuildPhase;
			buildActionMask = 2147483647;
			files = (
			);
			runOnlyForDeploymentPostprocessing = 0;
		};
		4D503291244007CC00896B0C /* Frameworks */ = {
			isa = PBXFrameworksBuildPhase;
			buildActionMask = 2147483647;
			files = (
			);
			runOnlyForDeploymentPostprocessing = 0;
		};
/* End PBXFrameworksBuildPhase section */

/* Begin PBXGroup section */
		4D50326A244007C900896B0C = {
			isa = PBXGroup;
			children = (
				4D503275244007C900896B0C /* Voluntary Hands */,
				4D50328C244007CB00896B0C /* Voluntary HandsTests */,
				4D503297244007CC00896B0C /* Voluntary HandsUITests */,
				4D503274244007C900896B0C /* Products */,
			);
			sourceTree = "<group>";
		};
		4D503274244007C900896B0C /* Products */ = {
			isa = PBXGroup;
			children = (
				4D503273244007C900896B0C /* Voluntary Hands.app */,
				4D503289244007CB00896B0C /* Voluntary HandsTests.xctest */,
				4D503294244007CC00896B0C /* Voluntary HandsUITests.xctest */,
			);
			name = Products;
			sourceTree = "<group>";
		};
		4D503275244007C900896B0C /* Voluntary Hands */ = {
			isa = PBXGroup;
			children = (
				4D503276244007C900896B0C /* AppDelegate.swift */,
				4D503278244007C900896B0C /* SceneDelegate.swift */,
				4D50327A244007C900896B0C /* ViewController.swift */,
				4D50327C244007C900896B0C /* Main.storyboard */,
				4D50327F244007CB00896B0C /* Assets.xcassets */,
				4D503281244007CB00896B0C /* LaunchScreen.storyboard */,
				4D503284244007CB00896B0C /* Info.plist */,
			);
			path = "Voluntary Hands";
			sourceTree = "<group>";
		};
		4D50328C244007CB00896B0C /* Voluntary HandsTests */ = {
			isa = PBXGroup;
			children = (
				4D50328D244007CB00896B0C /* Voluntary_HandsTests.swift */,
				4D50328F244007CC00896B0C /* Info.plist */,
			);
			path = "Voluntary HandsTests";
			sourceTree = "<group>";
		};
		4D503297244007CC00896B0C /* Voluntary HandsUITests */ = {
			isa = PBXGroup;
			children = (
				4D503298244007CC00896B0C /* Voluntary_HandsUITests.swift */,
				4D50329A244007CC00896B0C /* Info.plist */,
			);
			path = "Voluntary HandsUITests";
			sourceTree = "<group>";
		};
/* End PBXGroup section */

/* Begin PBXNativeTarget section */
		4D503272244007C900896B0C /* Voluntary Hands */ = {
			isa = PBXNativeTarget;
			buildConfigurationList = 4D50329D244007CC00896B0C /* Build configuration list for PBXNativeTarget "Voluntary Hands" */;
			buildPhases = (
				4D50326F244007C900896B0C /* Sources */,
				4D503270244007C900896B0C /* Frameworks */,
				4D503271244007C900896B0C /* Resources */,
			);
			buildRules = (
			);
			dependencies = (
			);
			name = "Voluntary Hands";
			productName = "Voluntary Hands";
			productReference = 4D503273244007C900896B0C /* Voluntary Hands.app */;
			productType = "com.apple.product-type.application";
		};
		4D503288244007CB00896B0C /* Voluntary HandsTests */ = {
			isa = PBXNativeTarget;
			buildConfigurationList = 4D5032A0244007CC00896B0C /* Build configuration list for PBXNativeTarget "Voluntary HandsTests" */;
			buildPhases = (
				4D503285244007CB00896B0C /* Sources */,
				4D503286244007CB00896B0C /* Frameworks */,
				4D503287244007CB00896B0C /* Resources */,
			);
			buildRules = (
			);
			dependencies = (
				4D50328B244007CB00896B0C /* PBXTargetDependency */,
			);
			name = "Voluntary HandsTests";
			productName = "Voluntary HandsTests";
			productReference = 4D503289244007CB00896B0C /* Voluntary HandsTests.xctest */;
			productType = "com.apple.product-type.bundle.unit-test";
		};
		4D503293244007CC00896B0C /* Voluntary HandsUITests */ = {
			isa = PBXNativeTarget;
			buildConfigurationList = 4D5032A3244007CC00896B0C /* Build configuration list for PBXNativeTarget "Voluntary HandsUITests" */;
			buildPhases = (
				4D503290244007CC00896B0C /* Sources */,
				4D503291244007CC00896B0C /* Frameworks */,
				4D503292244007CC00896B0C /* Resources */,
			);
			buildRules = (
			);
			dependencies = (
				4D503296244007CC00896B0C /* PBXTargetDependency */,
			);
			name = "Voluntary HandsUITests";
			productName = "Voluntary HandsUITests";
			productReference = 4D503294244007CC00896B0C /* Voluntary HandsUITests.xctest */;
			productType = "com.apple.product-type.bundle.ui-testing";
		};
/* End PBXNativeTarget section */

/* Begin PBXProject section */
		4D50326B244007C900896B0C /* Project object */ = {
			isa = PBXProject;
			attributes = {
				LastSwiftUpdateCheck = 1130;
				LastUpgradeCheck = 1130;
				ORGANIZATIONNAME = "Thiago Rodrigues Centurion";
				TargetAttributes = {
					4D503272244007C900896B0C = {
						CreatedOnToolsVersion = 11.3.1;
					};
					4D503288244007CB00896B0C = {
						CreatedOnToolsVersion = 11.3.1;
						TestTargetID = 4D503272244007C900896B0C;
					};
					4D503293244007CC00896B0C = {
						CreatedOnToolsVersion = 11.3.1;
						TestTargetID = 4D503272244007C900896B0C;
					};
				};
			};
			buildConfigurationList = 4D50326E244007C900896B0C /* Build configuration list for PBXProject "Voluntary Hands" */;
			compatibilityVersion = "Xcode 9.3";
			developmentRegion = en;
			hasScannedForEncodings = 0;
			knownRegions = (
				en,
				Base,
			);
			mainGroup = 4D50326A244007C900896B0C;
			productRefGroup = 4D503274244007C900896B0C /* Products */;
			projectDirPath = "";
			projectRoot = "";
			targets = (
				4D503272244007C900896B0C /* Voluntary Hands */,
				4D503288244007CB00896B0C /* Voluntary HandsTests */,
				4D503293244007CC00896B0C /* Voluntary HandsUITests */,
			);
		};
/* End PBXProject section */

/* Begin PBXResourcesBuildPhase section */
		4D503271244007C900896B0C /* Resources */ = {
			isa = PBXResourcesBuildPhase;
			buildActionMask = 2147483647;
			files = (
				4D503283244007CB00896B0C /* LaunchScreen.storyboard in Resources */,
				4D503280244007CB00896B0C /* Assets.xcassets in Resources */,
				4D50327E244007C900896B0C /* Main.storyboard in Resources */,
			);
			runOnlyForDeploymentPostprocessing = 0;
		};
		4D503287244007CB00896B0C /* Resources */ = {
			isa = PBXResourcesBuildPhase;
			buildActionMask = 2147483647;
			files = (
			);
			runOnlyForDeploymentPostprocessing = 0;
		};
		4D503292244007CC00896B0C /* Resources */ = {
			isa = PBXResourcesBuildPhase;
			buildActionMask = 2147483647;
			files = (
			);
			runOnlyForDeploymentPostprocessing = 0;
		};
/* End PBXResourcesBuildPhase section */

/* Begin PBXSourcesBuildPhase section */
		4D50326F244007C900896B0C /* Sources */ = {
			isa = PBXSourcesBuildPhase;
			buildActionMask = 2147483647;
			files = (
				4D50327B244007C900896B0C /* ViewController.swift in Sources */,
				4D503277244007C900896B0C /* AppDelegate.swift in Sources */,
				4D503279244007C900896B0C /* SceneDelegate.swift in Sources */,
			);
			runOnlyForDeploymentPostprocessing = 0;
		};
		4D503285244007CB00896B0C /* Sources */ = {
			isa = PBXSourcesBuildPhase;
			buildActionMask = 2147483647;
			files = (
				4D50328E244007CB00896B0C /* Voluntary_HandsTests.swift in Sources */,
			);
			runOnlyForDeploymentPostprocessing = 0;
		};
		4D503290244007CC00896B0C /* Sources */ = {
			isa = PBXSourcesBuildPhase;
			buildActionMask = 2147483647;
			files = (
				4D503299244007CC00896B0C /* Voluntary_HandsUITests.swift in Sources */,
			);
			runOnlyForDeploymentPostprocessing = 0;
		};
/* End PBXSourcesBuildPhase section */

/* Begin PBXTargetDependency section */
		4D50328B244007CB00896B0C /* PBXTargetDependency */ = {
			isa = PBXTargetDependency;
			target = 4D503272244007C900896B0C /* Voluntary Hands */;
			targetProxy = 4D50328A244007CB00896B0C /* PBXContainerItemProxy */;
		};
		4D503296244007CC00896B0C /* PBXTargetDependency */ = {
			isa = PBXTargetDependency;
			target = 4D503272244007C900896B0C /* Voluntary Hands */;
			targetProxy = 4D503295244007CC00896B0C /* PBXContainerItemProxy */;
		};
/* End PBXTargetDependency section */

/* Begin PBXVariantGroup section */
		4D50327C244007C900896B0C /* Main.storyboard */ = {
			isa = PBXVariantGroup;
			children = (
				4D50327D244007C900896B0C /* Base */,
			);
			name = Main.storyboard;
			sourceTree = "<group>";
		};
		4D503281244007CB00896B0C /* LaunchScreen.storyboard */ = {
			isa = PBXVariantGroup;
			children = (
				4D503282244007CB00896B0C /* Base */,
			);
			name = LaunchScreen.storyboard;
			sourceTree = "<group>";
		};
/* End PBXVariantGroup section */

/* Begin XCBuildConfiguration section */
		4D50329B244007CC00896B0C /* Debug */ = {
			isa = XCBuildConfiguration;
			buildSettings = {
				ALWAYS_SEARCH_USER_PATHS = NO;
				CLANG_ANALYZER_NONNULL = YES;
				CLANG_ANALYZER_NUMBER_OBJECT_CONVERSION = YES_AGGRESSIVE;
				CLANG_CXX_LANGUAGE_STANDARD = "gnu++14";
				CLANG_CXX_LIBRARY = "libc++";
				CLANG_ENABLE_MODULES = YES;
				CLANG_ENABLE_OBJC_ARC = YES;
				CLANG_ENABLE_OBJC_WEAK = YES;
				CLANG_WARN_BLOCK_CAPTURE_AUTORELEASING = YES;
				CLANG_WARN_BOOL_CONVERSION = YES;
				CLANG_WARN_COMMA = YES;
				CLANG_WARN_CONSTANT_CONVERSION = YES;
				CLANG_WARN_DEPRECATED_OBJC_IMPLEMENTATIONS = YES;
				CLANG_WARN_DIRECT_OBJC_ISA_USAGE = YES_ERROR;
				CLANG_WARN_DOCUMENTATION_COMMENTS = YES;
				CLANG_WARN_EMPTY_BODY = YES;
				CLANG_WARN_ENUM_CONVERSION = YES;
				CLANG_WARN_INFINITE_RECURSION = YES;
				CLANG_WARN_INT_CONVERSION = YES;
				CLANG_WARN_NON_LITERAL_NULL_CONVERSION = YES;
				CLANG_WARN_OBJC_IMPLICIT_RETAIN_SELF = YES;
				CLANG_WARN_OBJC_LITERAL_CONVERSION = YES;
				CLANG_WARN_OBJC_ROOT_CLASS = YES_ERROR;
				CLANG_WARN_RANGE_LOOP_ANALYSIS = YES;
				CLANG_WARN_STRICT_PROTOTYPES = YES;
				CLANG_WARN_SUSPICIOUS_MOVE = YES;
				CLANG_WARN_UNGUARDED_AVAILABILITY = YES_AGGRESSIVE;
				CLANG_WARN_UNREACHABLE_CODE = YES;
				CLANG_WARN__DUPLICATE_METHOD_MATCH = YES;
				COPY_PHASE_STRIP = NO;
				DEBUG_INFORMATION_FORMAT = dwarf;
				ENABLE_STRICT_OBJC_MSGSEND = YES;
				ENABLE_TESTABILITY = YES;
				GCC_C_LANGUAGE_STANDARD = gnu11;
				GCC_DYNAMIC_NO_PIC = NO;
				GCC_NO_COMMON_BLOCKS = YES;
				GCC_OPTIMIZATION_LEVEL = 0;
				GCC_PREPROCESSOR_DEFINITIONS = (
					"DEBUG=1",
					"$(inherited)",
				);
				GCC_WARN_64_TO_32_BIT_CONVERSION = YES;
				GCC_WARN_ABOUT_RETURN_TYPE = YES_ERROR;
				GCC_WARN_UNDECLARED_SELECTOR = YES;
				GCC_WARN_UNINITIALIZED_AUTOS = YES_AGGRESSIVE;
				GCC_WARN_UNUSED_FUNCTION = YES;
				GCC_WARN_UNUSED_VARIABLE = YES;
				IPHONEOS_DEPLOYMENT_TARGET = 13.2;
				MTL_ENABLE_DEBUG_INFO = INCLUDE_SOURCE;
				MTL_FAST_MATH = YES;
				ONLY_ACTIVE_ARCH = YES;
				SDKROOT = iphoneos;
				SWIFT_ACTIVE_COMPILATION_CONDITIONS = DEBUG;
				SWIFT_OPTIMIZATION_LEVEL = "-Onone";
			};
			name = Debug;
		};
		4D50329C244007CC00896B0C /* Release */ = {
			isa = XCBuildConfiguration;
			buildSettings = {
				ALWAYS_SEARCH_USER_PATHS = NO;
				CLANG_ANALYZER_NONNULL = YES;
				CLANG_ANALYZER_NUMBER_OBJECT_CONVERSION = YES_AGGRESSIVE;
				CLANG_CXX_LANGUAGE_STANDARD = "gnu++14";
				CLANG_CXX_LIBRARY = "libc++";
				CLANG_ENABLE_MODULES = YES;
				CLANG_ENABLE_OBJC_ARC = YES;
				CLANG_ENABLE_OBJC_WEAK = YES;
				CLANG_WARN_BLOCK_CAPTURE_AUTORELEASING = YES;
				CLANG_WARN_BOOL_CONVERSION = YES;
				CLANG_WARN_COMMA = YES;
				CLANG_WARN_CONSTANT_CONVERSION = YES;
				CLANG_WARN_DEPRECATED_OBJC_IMPLEMENTATIONS = YES;
				CLANG_WARN_DIRECT_OBJC_ISA_USAGE = YES_ERROR;
				CLANG_WARN_DOCUMENTATION_COMMENTS = YES;
				CLANG_WARN_EMPTY_BODY = YES;
				CLANG_WARN_ENUM_CONVERSION = YES;
				CLANG_WARN_INFINITE_RECURSION = YES;
				CLANG_WARN_INT_CONVERSION = YES;
				CLANG_WARN_NON_LITERAL_NULL_CONVERSION = YES;
				CLANG_WARN_OBJC_IMPLICIT_RETAIN_SELF = YES;
				CLANG_WARN_OBJC_LITERAL_CONVERSION = YES;
				CLANG_WARN_OBJC_ROOT_CLASS = YES_ERROR;
				CLANG_WARN_RANGE_LOOP_ANALYSIS = YES;
				CLANG_WARN_STRICT_PROTOTYPES = YES;
				CLANG_WARN_SUSPICIOUS_MOVE = YES;
				CLANG_WARN_UNGUARDED_AVAILABILITY = YES_AGGRESSIVE;
				CLANG_WARN_UNREACHABLE_CODE = YES;
				CLANG_WARN__DUPLICATE_METHOD_MATCH = YES;
				COPY_PHASE_STRIP = NO;
				DEBUG_INFORMATION_FORMAT = "dwarf-with-dsym";
				ENABLE_NS_ASSERTIONS = NO;
				ENABLE_STRICT_OBJC_MSGSEND = YES;
				GCC_C_LANGUAGE_STANDARD = gnu11;
				GCC_NO_COMMON_BLOCKS = YES;
				GCC_WARN_64_TO_32_BIT_CONVERSION = YES;
				GCC_WARN_ABOUT_RETURN_TYPE = YES_ERROR;
				GCC_WARN_UNDECLARED_SELECTOR = YES;
				GCC_WARN_UNINITIALIZED_AUTOS = YES_AGGRESSIVE;
				GCC_WARN_UNUSED_FUNCTION = YES;
				GCC_WARN_UNUSED_VARIABLE = YES;
				IPHONEOS_DEPLOYMENT_TARGET = 13.2;
				MTL_ENABLE_DEBUG_INFO = NO;
				MTL_FAST_MATH = YES;
				SDKROOT = iphoneos;
				SWIFT_COMPILATION_MODE = wholemodule;
				SWIFT_OPTIMIZATION_LEVEL = "-O";
				VALIDATE_PRODUCT = YES;
			};
			name = Release;
		};
		4D50329E244007CC00896B0C /* Debug */ = {
			isa = XCBuildConfiguration;
			buildSettings = {
				ASSETCATALOG_COMPILER_APPICON_NAME = AppIcon;
				CODE_SIGN_STYLE = Automatic;
				DEVELOPMENT_TEAM = TTSKDZ455K;
				INFOPLIST_FILE = "Voluntary Hands/Info.plist";
				LD_RUNPATH_SEARCH_PATHS = (
					"$(inherited)",
					"@executable_path/Frameworks",
				);
				PRODUCT_BUNDLE_IDENTIFIER = com.thiagocenturion.voluntaryhands;
				PRODUCT_NAME = "$(TARGET_NAME)";
				SWIFT_VERSION = 5.0;
				TARGETED_DEVICE_FAMILY = "1,2";
			};
			name = Debug;
		};
		4D50329F244007CC00896B0C /* Release */ = {
			isa = XCBuildConfiguration;
			buildSettings = {
				ASSETCATALOG_COMPILER_APPICON_NAME = AppIcon;
				CODE_SIGN_STYLE = Automatic;
				DEVELOPMENT_TEAM = TTSKDZ455K;
				INFOPLIST_FILE = "Voluntary Hands/Info.plist";
				LD_RUNPATH_SEARCH_PATHS = (
					"$(inherited)",
					"@executable_path/Frameworks",
				);
				PRODUCT_BUNDLE_IDENTIFIER = com.thiagocenturion.voluntaryhands;
				PRODUCT_NAME = "$(TARGET_NAME)";
				SWIFT_VERSION = 5.0;
				TARGETED_DEVICE_FAMILY = "1,2";
			};
			name = Release;
		};
		4D5032A1244007CC00896B0C /* Debug */ = {
			isa = XCBuildConfiguration;
			buildSettings = {
				ALWAYS_EMBED_SWIFT_STANDARD_LIBRARIES = YES;
				BUNDLE_LOADER = "$(TEST_HOST)";
				CODE_SIGN_STYLE = Automatic;
				DEVELOPMENT_TEAM = TTSKDZ455K;
				INFOPLIST_FILE = "Voluntary HandsTests/Info.plist";
				IPHONEOS_DEPLOYMENT_TARGET = 13.2;
				LD_RUNPATH_SEARCH_PATHS = (
					"$(inherited)",
					"@executable_path/Frameworks",
					"@loader_path/Frameworks",
				);
				PRODUCT_BUNDLE_IDENTIFIER = "com.thiagocenturion.Voluntary-HandsTests";
				PRODUCT_NAME = "$(TARGET_NAME)";
				SWIFT_VERSION = 5.0;
				TARGETED_DEVICE_FAMILY = "1,2";
				TEST_HOST = "$(BUILT_PRODUCTS_DIR)/Voluntary Hands.app/Voluntary Hands";
			};
			name = Debug;
		};
		4D5032A2244007CC00896B0C /* Release */ = {
			isa = XCBuildConfiguration;
			buildSettings = {
				ALWAYS_EMBED_SWIFT_STANDARD_LIBRARIES = YES;
				BUNDLE_LOADER = "$(TEST_HOST)";
				CODE_SIGN_STYLE = Automatic;
				DEVELOPMENT_TEAM = TTSKDZ455K;
				INFOPLIST_FILE = "Voluntary HandsTests/Info.plist";
				IPHONEOS_DEPLOYMENT_TARGET = 13.2;
				LD_RUNPATH_SEARCH_PATHS = (
					"$(inherited)",
					"@executable_path/Frameworks",
					"@loader_path/Frameworks",
				);
				PRODUCT_BUNDLE_IDENTIFIER = "com.thiagocenturion.Voluntary-HandsTests";
				PRODUCT_NAME = "$(TARGET_NAME)";
				SWIFT_VERSION = 5.0;
				TARGETED_DEVICE_FAMILY = "1,2";
				TEST_HOST = "$(BUILT_PRODUCTS_DIR)/Voluntary Hands.app/Voluntary Hands";
			};
			name = Release;
		};
		4D5032A4244007CC00896B0C /* Debug */ = {
			isa = XCBuildConfiguration;
			buildSettings = {
				ALWAYS_EMBED_SWIFT_STANDARD_LIBRARIES = YES;
				CODE_SIGN_STYLE = Automatic;
				DEVELOPMENT_TEAM = TTSKDZ455K;
				INFOPLIST_FILE = "Voluntary HandsUITests/Info.plist";
				LD_RUNPATH_SEARCH_PATHS = (
					"$(inherited)",
					"@executable_path/Frameworks",
					"@loader_path/Frameworks",
				);
				PRODUCT_BUNDLE_IDENTIFIER = "com.thiagocenturion.Voluntary-HandsUITests";
				PRODUCT_NAME = "$(TARGET_NAME)";
				SWIFT_VERSION = 5.0;
				TARGETED_DEVICE_FAMILY = "1,2";
				TEST_TARGET_NAME = "Voluntary Hands";
			};
			name = Debug;
		};
		4D5032A5244007CC00896B0C /* Release */ = {
			isa = XCBuildConfiguration;
			buildSettings = {
				ALWAYS_EMBED_SWIFT_STANDARD_LIBRARIES = YES;
				CODE_SIGN_STYLE = Automatic;
				DEVELOPMENT_TEAM = TTSKDZ455K;
				INFOPLIST_FILE = "Voluntary HandsUITests/Info.plist";
				LD_RUNPATH_SEARCH_PATHS = (
					"$(inherited)",
					"@executable_path/Frameworks",
					"@loader_path/Frameworks",
				);
				PRODUCT_BUNDLE_IDENTIFIER = "com.thiagocenturion.Voluntary-HandsUITests";
				PRODUCT_NAME = "$(TARGET_NAME)";
				SWIFT_VERSION = 5.0;
				TARGETED_DEVICE_FAMILY = "1,2";
				TEST_TARGET_NAME = "Voluntary Hands";
			};
			name = Release;
		};
/* End XCBuildConfiguration section */

/* Begin XCConfigurationList section */
		4D50326E244007C900896B0C /* Build configuration list for PBXProject "Voluntary Hands" */ = {
			isa = XCConfigurationList;
			buildConfigurations = (
				4D50329B244007CC00896B0C /* Debug */,
				4D50329C244007CC00896B0C /* Release */,
			);
			defaultConfigurationIsVisible = 0;
			defaultConfigurationName = Release;
		};
		4D50329D244007CC00896B0C /* Build configuration list for PBXNativeTarget "Voluntary Hands" */ = {
			isa = XCConfigurationList;
			buildConfigurations = (
				4D50329E244007CC00896B0C /* Debug */,
				4D50329F244007CC00896B0C /* Release */,
			);
			defaultConfigurationIsVisible = 0;
			defaultConfigurationName = Release;
		};
		4D5032A0244007CC00896B0C /* Build configuration list for PBXNativeTarget "Voluntary HandsTests" */ = {
			isa = XCConfigurationList;
			buildConfigurations = (
				4D5032A1244007CC00896B0C /* Debug */,
				4D5032A2244007CC00896B0C /* Release */,
			);
			defaultConfigurationIsVisible = 0;
			defaultConfigurationName = Release;
		};
		4D5032A3244007CC00896B0C /* Build configuration list for PBXNativeTarget "Voluntary HandsUITests" */ = {
			isa = XCConfigurationList;
			buildConfigurations = (
				4D5032A4244007CC00896B0C /* Debug */,
				4D5032A5244007CC00896B0C /* Release */,
			);
			defaultConfigurationIsVisible = 0;
			defaultConfigurationName = Release;
		};
/* End XCConfigurationList section */
	};
	rootObject = 4D50326B244007C900896B0C /* Project object */;
}
